// !$*UTF8*$!
{
	archiveVersion = 1;
	classes = {
	};
	objectVersion = 50;
	objects = {

/* Begin PBXBuildFile section */
		67A7078D2618BBC6007B5EBB /* SignupCoordinator.swift in Sources */ = {isa = PBXBuildFile; fileRef = 67A7078C2618BBC6007B5EBB /* SignupCoordinator.swift */; };
		67D0B19C261735B7004A0304 /* AppDelegate.swift in Sources */ = {isa = PBXBuildFile; fileRef = 67D0B19B261735B7004A0304 /* AppDelegate.swift */; };
		67D0B19E261735B7004A0304 /* SceneDelegate.swift in Sources */ = {isa = PBXBuildFile; fileRef = 67D0B19D261735B7004A0304 /* SceneDelegate.swift */; };
		67D0B1A5261735CD004A0304 /* Assets.xcassets in Resources */ = {isa = PBXBuildFile; fileRef = 67D0B1A4261735CD004A0304 /* Assets.xcassets */; };
		67D0B1A8261735CD004A0304 /* LaunchScreen.storyboard in Resources */ = {isa = PBXBuildFile; fileRef = 67D0B1A6261735CD004A0304 /* LaunchScreen.storyboard */; };
		67D0B1B3261735CE004A0304 /* chatTests.swift in Sources */ = {isa = PBXBuildFile; fileRef = 67D0B1B2261735CE004A0304 /* chatTests.swift */; };
		67D0B1BE26173798004A0304 /* ConversationsController.swift in Sources */ = {isa = PBXBuildFile; fileRef = 67D0B1BD26173798004A0304 /* ConversationsController.swift */; };
		67D0B1C2261738CF004A0304 /* UIView extensions.swift in Sources */ = {isa = PBXBuildFile; fileRef = 67D0B1C1261738CF004A0304 /* UIView extensions.swift */; };
		67D0B1C826173A7F004A0304 /* Color.swift in Sources */ = {isa = PBXBuildFile; fileRef = 67D0B1C726173A7F004A0304 /* Color.swift */; };
		67D0B1CD26174122004A0304 /* LoginController.swift in Sources */ = {isa = PBXBuildFile; fileRef = 67D0B1CC26174121004A0304 /* LoginController.swift */; };
		67D0B1CF2617412C004A0304 /* LoginView.swift in Sources */ = {isa = PBXBuildFile; fileRef = 67D0B1CE2617412C004A0304 /* LoginView.swift */; };
		67D0B1D126174E00004A0304 /* SignupController.swift in Sources */ = {isa = PBXBuildFile; fileRef = 67D0B1D026174E00004A0304 /* SignupController.swift */; };
		67D0B1D326174E11004A0304 /* SignupView.swift in Sources */ = {isa = PBXBuildFile; fileRef = 67D0B1D226174E11004A0304 /* SignupView.swift */; };
		67D0B1D626175B72004A0304 /* AppCoordinator.swift in Sources */ = {isa = PBXBuildFile; fileRef = 67D0B1D526175B72004A0304 /* AppCoordinator.swift */; };
		67D0B1D826175BA2004A0304 /* Coordinator.swift in Sources */ = {isa = PBXBuildFile; fileRef = 67D0B1D726175BA2004A0304 /* Coordinator.swift */; };
		67D0B1DA26175D77004A0304 /* ConversationsCoordinator.swift in Sources */ = {isa = PBXBuildFile; fileRef = 67D0B1D926175D77004A0304 /* ConversationsCoordinator.swift */; };
		67D0B1DC261760F8004A0304 /* Image.swift in Sources */ = {isa = PBXBuildFile; fileRef = 67D0B1DB261760F8004A0304 /* Image.swift */; };
		67D0B1DE26176392004A0304 /* LoginCoordinator.swift in Sources */ = {isa = PBXBuildFile; fileRef = 67D0B1DD26176392004A0304 /* LoginCoordinator.swift */; };
/* End PBXBuildFile section */

/* Begin PBXContainerItemProxy section */
		67D0B1AF261735CE004A0304 /* PBXContainerItemProxy */ = {
			isa = PBXContainerItemProxy;
			containerPortal = 67D0B190261735B7004A0304 /* Project object */;
			proxyType = 1;
			remoteGlobalIDString = 67D0B197261735B7004A0304;
			remoteInfo = chat;
		};
/* End PBXContainerItemProxy section */

/* Begin PBXFileReference section */
		67A7078C2618BBC6007B5EBB /* SignupCoordinator.swift */ = {isa = PBXFileReference; lastKnownFileType = sourcecode.swift; path = SignupCoordinator.swift; sourceTree = "<group>"; };
		67D0B198261735B7004A0304 /* chat.app */ = {isa = PBXFileReference; explicitFileType = wrapper.application; includeInIndex = 0; path = chat.app; sourceTree = BUILT_PRODUCTS_DIR; };
		67D0B19B261735B7004A0304 /* AppDelegate.swift */ = {isa = PBXFileReference; lastKnownFileType = sourcecode.swift; path = AppDelegate.swift; sourceTree = "<group>"; };
		67D0B19D261735B7004A0304 /* SceneDelegate.swift */ = {isa = PBXFileReference; lastKnownFileType = sourcecode.swift; path = SceneDelegate.swift; sourceTree = "<group>"; };
		67D0B1A4261735CD004A0304 /* Assets.xcassets */ = {isa = PBXFileReference; lastKnownFileType = folder.assetcatalog; path = Assets.xcassets; sourceTree = "<group>"; };
		67D0B1A7261735CD004A0304 /* Base */ = {isa = PBXFileReference; lastKnownFileType = file.storyboard; name = Base; path = Base.lproj/LaunchScreen.storyboard; sourceTree = "<group>"; };
		67D0B1A9261735CD004A0304 /* Info.plist */ = {isa = PBXFileReference; lastKnownFileType = text.plist.xml; path = Info.plist; sourceTree = "<group>"; };
		67D0B1AE261735CE004A0304 /* chatTests.xctest */ = {isa = PBXFileReference; explicitFileType = wrapper.cfbundle; includeInIndex = 0; path = chatTests.xctest; sourceTree = BUILT_PRODUCTS_DIR; };
		67D0B1B2261735CE004A0304 /* chatTests.swift */ = {isa = PBXFileReference; lastKnownFileType = sourcecode.swift; path = chatTests.swift; sourceTree = "<group>"; };
		67D0B1B4261735CE004A0304 /* Info.plist */ = {isa = PBXFileReference; lastKnownFileType = text.plist.xml; path = Info.plist; sourceTree = "<group>"; };
		67D0B1BD26173798004A0304 /* ConversationsController.swift */ = {isa = PBXFileReference; lastKnownFileType = sourcecode.swift; path = ConversationsController.swift; sourceTree = "<group>"; };
		67D0B1C1261738CF004A0304 /* UIView extensions.swift */ = {isa = PBXFileReference; lastKnownFileType = sourcecode.swift; path = "UIView extensions.swift"; sourceTree = "<group>"; };
		67D0B1C726173A7F004A0304 /* Color.swift */ = {isa = PBXFileReference; lastKnownFileType = sourcecode.swift; path = Color.swift; sourceTree = "<group>"; };
		67D0B1CC26174121004A0304 /* LoginController.swift */ = {isa = PBXFileReference; lastKnownFileType = sourcecode.swift; path = LoginController.swift; sourceTree = "<group>"; };
		67D0B1CE2617412C004A0304 /* LoginView.swift */ = {isa = PBXFileReference; lastKnownFileType = sourcecode.swift; path = LoginView.swift; sourceTree = "<group>"; };
		67D0B1D026174E00004A0304 /* SignupController.swift */ = {isa = PBXFileReference; lastKnownFileType = sourcecode.swift; path = SignupController.swift; sourceTree = "<group>"; };
		67D0B1D226174E11004A0304 /* SignupView.swift */ = {isa = PBXFileReference; lastKnownFileType = sourcecode.swift; path = SignupView.swift; sourceTree = "<group>"; };
		67D0B1D526175B72004A0304 /* AppCoordinator.swift */ = {isa = PBXFileReference; lastKnownFileType = sourcecode.swift; path = AppCoordinator.swift; sourceTree = "<group>"; };
		67D0B1D726175BA2004A0304 /* Coordinator.swift */ = {isa = PBXFileReference; lastKnownFileType = sourcecode.swift; path = Coordinator.swift; sourceTree = "<group>"; };
		67D0B1D926175D77004A0304 /* ConversationsCoordinator.swift */ = {isa = PBXFileReference; lastKnownFileType = sourcecode.swift; path = ConversationsCoordinator.swift; sourceTree = "<group>"; };
		67D0B1DB261760F8004A0304 /* Image.swift */ = {isa = PBXFileReference; lastKnownFileType = sourcecode.swift; path = Image.swift; sourceTree = "<group>"; };
		67D0B1DD26176392004A0304 /* LoginCoordinator.swift */ = {isa = PBXFileReference; lastKnownFileType = sourcecode.swift; path = LoginCoordinator.swift; sourceTree = "<group>"; };
/* End PBXFileReference section */

/* Begin PBXFrameworksBuildPhase section */
		67D0B195261735B7004A0304 /* Frameworks */ = {
			isa = PBXFrameworksBuildPhase;
			buildActionMask = 2147483647;
			files = (
			);
			runOnlyForDeploymentPostprocessing = 0;
		};
		67D0B1AB261735CE004A0304 /* Frameworks */ = {
			isa = PBXFrameworksBuildPhase;
			buildActionMask = 2147483647;
			files = (
			);
			runOnlyForDeploymentPostprocessing = 0;
		};
/* End PBXFrameworksBuildPhase section */

/* Begin PBXGroup section */
		67D0B18F261735B7004A0304 = {
			isa = PBXGroup;
			children = (
				67D0B19A261735B7004A0304 /* chat */,
				67D0B1B1261735CE004A0304 /* chatTests */,
				67D0B199261735B7004A0304 /* Products */,
			);
			sourceTree = "<group>";
		};
		67D0B199261735B7004A0304 /* Products */ = {
			isa = PBXGroup;
			children = (
				67D0B198261735B7004A0304 /* chat.app */,
				67D0B1AE261735CE004A0304 /* chatTests.xctest */,
			);
			name = Products;
			sourceTree = "<group>";
		};
		67D0B19A261735B7004A0304 /* chat */ = {
			isa = PBXGroup;
			children = (
				67D0B19B261735B7004A0304 /* AppDelegate.swift */,
				67D0B19D261735B7004A0304 /* SceneDelegate.swift */,
				67D0B1A9261735CD004A0304 /* Info.plist */,
				67D0B1D426175B57004A0304 /* Coordinators */,
				67D0B1C3261738F2004A0304 /* Conversations */,
				67D0B1C9261740B5004A0304 /* Login */,
				67D0B1BF26173880004A0304 /* Resouces */,
			);
			path = chat;
			sourceTree = "<group>";
		};
		67D0B1B1261735CE004A0304 /* chatTests */ = {
			isa = PBXGroup;
			children = (
				67D0B1B2261735CE004A0304 /* chatTests.swift */,
				67D0B1B4261735CE004A0304 /* Info.plist */,
			);
			path = chatTests;
			sourceTree = "<group>";
		};
		67D0B1BF26173880004A0304 /* Resouces */ = {
			isa = PBXGroup;
			children = (
				67D0B1A4261735CD004A0304 /* Assets.xcassets */,
				67D0B1A6261735CD004A0304 /* LaunchScreen.storyboard */,
				67D0B1C0261738AD004A0304 /* Extensions */,
				67D0B1C626173A64004A0304 /* Data */,
			);
			path = Resouces;
			sourceTree = "<group>";
		};
		67D0B1C0261738AD004A0304 /* Extensions */ = {
			isa = PBXGroup;
			children = (
				67D0B1C1261738CF004A0304 /* UIView extensions.swift */,
			);
			path = Extensions;
			sourceTree = "<group>";
		};
		67D0B1C3261738F2004A0304 /* Conversations */ = {
			isa = PBXGroup;
			children = (
				67D0B1BD26173798004A0304 /* ConversationsController.swift */,
			);
			path = Conversations;
			sourceTree = "<group>";
		};
		67D0B1C626173A64004A0304 /* Data */ = {
			isa = PBXGroup;
			children = (
				67D0B1C726173A7F004A0304 /* Color.swift */,
				67D0B1DB261760F8004A0304 /* Image.swift */,
			);
			path = Data;
			sourceTree = "<group>";
		};
		67D0B1C9261740B5004A0304 /* Login */ = {
			isa = PBXGroup;
			children = (
				67D0B1CB261740CD004A0304 /* Signup */,
				67D0B1CA261740C8004A0304 /* Login */,
			);
			path = Login;
			sourceTree = "<group>";
		};
		67D0B1CA261740C8004A0304 /* Login */ = {
			isa = PBXGroup;
			children = (
				67D0B1CC26174121004A0304 /* LoginController.swift */,
				67D0B1CE2617412C004A0304 /* LoginView.swift */,
			);
			path = Login;
			sourceTree = "<group>";
		};
		67D0B1CB261740CD004A0304 /* Signup */ = {
			isa = PBXGroup;
			children = (
				67D0B1D026174E00004A0304 /* SignupController.swift */,
				67D0B1D226174E11004A0304 /* SignupView.swift */,
			);
			path = Signup;
			sourceTree = "<group>";
		};
		67D0B1D426175B57004A0304 /* Coordinators */ = {
			isa = PBXGroup;
			children = (
				67D0B1D726175BA2004A0304 /* Coordinator.swift */,
				67D0B1D526175B72004A0304 /* AppCoordinator.swift */,
				67D0B1D926175D77004A0304 /* ConversationsCoordinator.swift */,
				67D0B1DD26176392004A0304 /* LoginCoordinator.swift */,
				67A7078C2618BBC6007B5EBB /* SignupCoordinator.swift */,
			);
			path = Coordinators;
			sourceTree = "<group>";
		};
/* End PBXGroup section */

/* Begin PBXNativeTarget section */
		67D0B197261735B7004A0304 /* chat */ = {
			isa = PBXNativeTarget;
			buildConfigurationList = 67D0B1B7261735CF004A0304 /* Build configuration list for PBXNativeTarget "chat" */;
			buildPhases = (
				67D0B194261735B7004A0304 /* Sources */,
				67D0B195261735B7004A0304 /* Frameworks */,
				67D0B196261735B7004A0304 /* Resources */,
			);
			buildRules = (
			);
			dependencies = (
			);
			name = chat;
			productName = chat;
			productReference = 67D0B198261735B7004A0304 /* chat.app */;
			productType = "com.apple.product-type.application";
		};
		67D0B1AD261735CE004A0304 /* chatTests */ = {
			isa = PBXNativeTarget;
			buildConfigurationList = 67D0B1BA261735CF004A0304 /* Build configuration list for PBXNativeTarget "chatTests" */;
			buildPhases = (
				67D0B1AA261735CE004A0304 /* Sources */,
				67D0B1AB261735CE004A0304 /* Frameworks */,
				67D0B1AC261735CE004A0304 /* Resources */,
			);
			buildRules = (
			);
			dependencies = (
				67D0B1B0261735CE004A0304 /* PBXTargetDependency */,
			);
			name = chatTests;
			productName = chatTests;
			productReference = 67D0B1AE261735CE004A0304 /* chatTests.xctest */;
			productType = "com.apple.product-type.bundle.unit-test";
		};
/* End PBXNativeTarget section */

/* Begin PBXProject section */
		67D0B190261735B7004A0304 /* Project object */ = {
			isa = PBXProject;
			attributes = {
				LastSwiftUpdateCheck = 1150;
				LastUpgradeCheck = 1150;
				ORGANIZATIONNAME = vlsuv;
				TargetAttributes = {
					67D0B197261735B7004A0304 = {
						CreatedOnToolsVersion = 11.5;
					};
					67D0B1AD261735CE004A0304 = {
						CreatedOnToolsVersion = 11.5;
						TestTargetID = 67D0B197261735B7004A0304;
					};
				};
			};
			buildConfigurationList = 67D0B193261735B7004A0304 /* Build configuration list for PBXProject "chat" */;
			compatibilityVersion = "Xcode 9.3";
			developmentRegion = en;
			hasScannedForEncodings = 0;
			knownRegions = (
				en,
				Base,
			);
			mainGroup = 67D0B18F261735B7004A0304;
			productRefGroup = 67D0B199261735B7004A0304 /* Products */;
			projectDirPath = "";
			projectRoot = "";
			targets = (
				67D0B197261735B7004A0304 /* chat */,
				67D0B1AD261735CE004A0304 /* chatTests */,
			);
		};
/* End PBXProject section */

/* Begin PBXResourcesBuildPhase section */
		67D0B196261735B7004A0304 /* Resources */ = {
			isa = PBXResourcesBuildPhase;
			buildActionMask = 2147483647;
			files = (
				67D0B1A8261735CD004A0304 /* LaunchScreen.storyboard in Resources */,
				67D0B1A5261735CD004A0304 /* Assets.xcassets in Resources */,
			);
			runOnlyForDeploymentPostprocessing = 0;
		};
		67D0B1AC261735CE004A0304 /* Resources */ = {
			isa = PBXResourcesBuildPhase;
			buildActionMask = 2147483647;
			files = (
			);
			runOnlyForDeploymentPostprocessing = 0;
		};
/* End PBXResourcesBuildPhase section */

/* Begin PBXSourcesBuildPhase section */
		67D0B194261735B7004A0304 /* Sources */ = {
			isa = PBXSourcesBuildPhase;
			buildActionMask = 2147483647;
			files = (
				67D0B1D326174E11004A0304 /* SignupView.swift in Sources */,
				67D0B19C261735B7004A0304 /* AppDelegate.swift in Sources */,
				67D0B1DE26176392004A0304 /* LoginCoordinator.swift in Sources */,
				67D0B1D626175B72004A0304 /* AppCoordinator.swift in Sources */,
				67D0B1BE26173798004A0304 /* ConversationsController.swift in Sources */,
				67D0B19E261735B7004A0304 /* SceneDelegate.swift in Sources */,
				67D0B1D126174E00004A0304 /* SignupController.swift in Sources */,
				67A7078D2618BBC6007B5EBB /* SignupCoordinator.swift in Sources */,
				67D0B1DC261760F8004A0304 /* Image.swift in Sources */,
				67D0B1D826175BA2004A0304 /* Coordinator.swift in Sources */,
				67D0B1C2261738CF004A0304 /* UIView extensions.swift in Sources */,
				67D0B1C826173A7F004A0304 /* Color.swift in Sources */,
				67D0B1CF2617412C004A0304 /* LoginView.swift in Sources */,
				67D0B1CD26174122004A0304 /* LoginController.swift in Sources */,
				67D0B1DA26175D77004A0304 /* ConversationsCoordinator.swift in Sources */,
			);
			runOnlyForDeploymentPostprocessing = 0;
		};
		67D0B1AA261735CE004A0304 /* Sources */ = {
			isa = PBXSourcesBuildPhase;
			buildActionMask = 2147483647;
			files = (
				67D0B1B3261735CE004A0304 /* chatTests.swift in Sources */,
			);
			runOnlyForDeploymentPostprocessing = 0;
		};
/* End PBXSourcesBuildPhase section */

/* Begin PBXTargetDependency section */
		67D0B1B0261735CE004A0304 /* PBXTargetDependency */ = {
			isa = PBXTargetDependency;
			target = 67D0B197261735B7004A0304 /* chat */;
			targetProxy = 67D0B1AF261735CE004A0304 /* PBXContainerItemProxy */;
		};
/* End PBXTargetDependency section */

/* Begin PBXVariantGroup section */
		67D0B1A6261735CD004A0304 /* LaunchScreen.storyboard */ = {
			isa = PBXVariantGroup;
			children = (
				67D0B1A7261735CD004A0304 /* Base */,
			);
			name = LaunchScreen.storyboard;
			sourceTree = "<group>";
		};
/* End PBXVariantGroup section */

/* Begin XCBuildConfiguration section */
		67D0B1B5261735CE004A0304 /* Debug */ = {
			isa = XCBuildConfiguration;
			buildSettings = {
				ALWAYS_SEARCH_USER_PATHS = NO;
				CLANG_ANALYZER_NONNULL = YES;
				CLANG_ANALYZER_NUMBER_OBJECT_CONVERSION = YES_AGGRESSIVE;
				CLANG_CXX_LANGUAGE_STANDARD = "gnu++14";
				CLANG_CXX_LIBRARY = "libc++";
				CLANG_ENABLE_MODULES = YES;
				CLANG_ENABLE_OBJC_ARC = YES;
				CLANG_ENABLE_OBJC_WEAK = YES;
				CLANG_WARN_BLOCK_CAPTURE_AUTORELEASING = YES;
				CLANG_WARN_BOOL_CONVERSION = YES;
				CLANG_WARN_COMMA = YES;
				CLANG_WARN_CONSTANT_CONVERSION = YES;
				CLANG_WARN_DEPRECATED_OBJC_IMPLEMENTATIONS = YES;
				CLANG_WARN_DIRECT_OBJC_ISA_USAGE = YES_ERROR;
				CLANG_WARN_DOCUMENTATION_COMMENTS = YES;
				CLANG_WARN_EMPTY_BODY = YES;
				CLANG_WARN_ENUM_CONVERSION = YES;
				CLANG_WARN_INFINITE_RECURSION = YES;
				CLANG_WARN_INT_CONVERSION = YES;
				CLANG_WARN_NON_LITERAL_NULL_CONVERSION = YES;
				CLANG_WARN_OBJC_IMPLICIT_RETAIN_SELF = YES;
				CLANG_WARN_OBJC_LITERAL_CONVERSION = YES;
				CLANG_WARN_OBJC_ROOT_CLASS = YES_ERROR;
				CLANG_WARN_RANGE_LOOP_ANALYSIS = YES;
				CLANG_WARN_STRICT_PROTOTYPES = YES;
				CLANG_WARN_SUSPICIOUS_MOVE = YES;
				CLANG_WARN_UNGUARDED_AVAILABILITY = YES_AGGRESSIVE;
				CLANG_WARN_UNREACHABLE_CODE = YES;
				CLANG_WARN__DUPLICATE_METHOD_MATCH = YES;
				COPY_PHASE_STRIP = NO;
				DEBUG_INFORMATION_FORMAT = dwarf;
				ENABLE_STRICT_OBJC_MSGSEND = YES;
				ENABLE_TESTABILITY = YES;
				GCC_C_LANGUAGE_STANDARD = gnu11;
				GCC_DYNAMIC_NO_PIC = NO;
				GCC_NO_COMMON_BLOCKS = YES;
				GCC_OPTIMIZATION_LEVEL = 0;
				GCC_PREPROCESSOR_DEFINITIONS = (
					"DEBUG=1",
					"$(inherited)",
				);
				GCC_WARN_64_TO_32_BIT_CONVERSION = YES;
				GCC_WARN_ABOUT_RETURN_TYPE = YES_ERROR;
				GCC_WARN_UNDECLARED_SELECTOR = YES;
				GCC_WARN_UNINITIALIZED_AUTOS = YES_AGGRESSIVE;
				GCC_WARN_UNUSED_FUNCTION = YES;
				GCC_WARN_UNUSED_VARIABLE = YES;
				IPHONEOS_DEPLOYMENT_TARGET = 13.5;
				MTL_ENABLE_DEBUG_INFO = INCLUDE_SOURCE;
				MTL_FAST_MATH = YES;
				ONLY_ACTIVE_ARCH = YES;
				SDKROOT = iphoneos;
				SWIFT_ACTIVE_COMPILATION_CONDITIONS = DEBUG;
				SWIFT_OPTIMIZATION_LEVEL = "-Onone";
			};
			name = Debug;
		};
		67D0B1B6261735CE004A0304 /* Release */ = {
			isa = XCBuildConfiguration;
			buildSettings = {
				ALWAYS_SEARCH_USER_PATHS = NO;
				CLANG_ANALYZER_NONNULL = YES;
				CLANG_ANALYZER_NUMBER_OBJECT_CONVERSION = YES_AGGRESSIVE;
				CLANG_CXX_LANGUAGE_STANDARD = "gnu++14";
				CLANG_CXX_LIBRARY = "libc++";
				CLANG_ENABLE_MODULES = YES;
				CLANG_ENABLE_OBJC_ARC = YES;
				CLANG_ENABLE_OBJC_WEAK = YES;
				CLANG_WARN_BLOCK_CAPTURE_AUTORELEASING = YES;
				CLANG_WARN_BOOL_CONVERSION = YES;
				CLANG_WARN_COMMA = YES;
				CLANG_WARN_CONSTANT_CONVERSION = YES;
				CLANG_WARN_DEPRECATED_OBJC_IMPLEMENTATIONS = YES;
				CLANG_WARN_DIRECT_OBJC_ISA_USAGE = YES_ERROR;
				CLANG_WARN_DOCUMENTATION_COMMENTS = YES;
				CLANG_WARN_EMPTY_BODY = YES;
				CLANG_WARN_ENUM_CONVERSION = YES;
				CLANG_WARN_INFINITE_RECURSION = YES;
				CLANG_WARN_INT_CONVERSION = YES;
				CLANG_WARN_NON_LITERAL_NULL_CONVERSION = YES;
				CLANG_WARN_OBJC_IMPLICIT_RETAIN_SELF = YES;
				CLANG_WARN_OBJC_LITERAL_CONVERSION = YES;
				CLANG_WARN_OBJC_ROOT_CLASS = YES_ERROR;
				CLANG_WARN_RANGE_LOOP_ANALYSIS = YES;
				CLANG_WARN_STRICT_PROTOTYPES = YES;
				CLANG_WARN_SUSPICIOUS_MOVE = YES;
				CLANG_WARN_UNGUARDED_AVAILABILITY = YES_AGGRESSIVE;
				CLANG_WARN_UNREACHABLE_CODE = YES;
				CLANG_WARN__DUPLICATE_METHOD_MATCH = YES;
				COPY_PHASE_STRIP = NO;
				DEBUG_INFORMATION_FORMAT = "dwarf-with-dsym";
				ENABLE_NS_ASSERTIONS = NO;
				ENABLE_STRICT_OBJC_MSGSEND = YES;
				GCC_C_LANGUAGE_STANDARD = gnu11;
				GCC_NO_COMMON_BLOCKS = YES;
				GCC_WARN_64_TO_32_BIT_CONVERSION = YES;
				GCC_WARN_ABOUT_RETURN_TYPE = YES_ERROR;
				GCC_WARN_UNDECLARED_SELECTOR = YES;
				GCC_WARN_UNINITIALIZED_AUTOS = YES_AGGRESSIVE;
				GCC_WARN_UNUSED_FUNCTION = YES;
				GCC_WARN_UNUSED_VARIABLE = YES;
				IPHONEOS_DEPLOYMENT_TARGET = 13.5;
				MTL_ENABLE_DEBUG_INFO = NO;
				MTL_FAST_MATH = YES;
				SDKROOT = iphoneos;
				SWIFT_COMPILATION_MODE = wholemodule;
				SWIFT_OPTIMIZATION_LEVEL = "-O";
				VALIDATE_PRODUCT = YES;
			};
			name = Release;
		};
		67D0B1B8261735CF004A0304 /* Debug */ = {
			isa = XCBuildConfiguration;
			buildSettings = {
				ASSETCATALOG_COMPILER_APPICON_NAME = AppIcon;
				CODE_SIGN_STYLE = Automatic;
				DEVELOPMENT_TEAM = MWFAWW6L55;
				INFOPLIST_FILE = chat/Info.plist;
				LD_RUNPATH_SEARCH_PATHS = (
					"$(inherited)",
					"@executable_path/Frameworks",
				);
				PRODUCT_BUNDLE_IDENTIFIER = com.chat;
				PRODUCT_NAME = "$(TARGET_NAME)";
				SWIFT_VERSION = 5.0;
				TARGETED_DEVICE_FAMILY = 1;
			};
			name = Debug;
		};
		67D0B1B9261735CF004A0304 /* Release */ = {
			isa = XCBuildConfiguration;
			buildSettings = {
				ASSETCATALOG_COMPILER_APPICON_NAME = AppIcon;
				CODE_SIGN_STYLE = Automatic;
				DEVELOPMENT_TEAM = MWFAWW6L55;
				INFOPLIST_FILE = chat/Info.plist;
				LD_RUNPATH_SEARCH_PATHS = (
					"$(inherited)",
					"@executable_path/Frameworks",
				);
				PRODUCT_BUNDLE_IDENTIFIER = com.chat;
				PRODUCT_NAME = "$(TARGET_NAME)";
				SWIFT_VERSION = 5.0;
				TARGETED_DEVICE_FAMILY = 1;
			};
			name = Release;
		};
		67D0B1BB261735CF004A0304 /* Debug */ = {
			isa = XCBuildConfiguration;
			buildSettings = {
				ALWAYS_EMBED_SWIFT_STANDARD_LIBRARIES = YES;
				BUNDLE_LOADER = "$(TEST_HOST)";
				CODE_SIGN_STYLE = Automatic;
				DEVELOPMENT_TEAM = MWFAWW6L55;
				INFOPLIST_FILE = chatTests/Info.plist;
				IPHONEOS_DEPLOYMENT_TARGET = 13.5;
				LD_RUNPATH_SEARCH_PATHS = (
					"$(inherited)",
					"@executable_path/Frameworks",
					"@loader_path/Frameworks",
				);
				PRODUCT_BUNDLE_IDENTIFIER = com.chatTests;
				PRODUCT_NAME = "$(TARGET_NAME)";
				SWIFT_VERSION = 5.0;
				TARGETED_DEVICE_FAMILY = "1,2";
				TEST_HOST = "$(BUILT_PRODUCTS_DIR)/chat.app/chat";
			};
			name = Debug;
		};
		67D0B1BC261735CF004A0304 /* Release */ = {
			isa = XCBuildConfiguration;
			buildSettings = {
				ALWAYS_EMBED_SWIFT_STANDARD_LIBRARIES = YES;
				BUNDLE_LOADER = "$(TEST_HOST)";
				CODE_SIGN_STYLE = Automatic;
				DEVELOPMENT_TEAM = MWFAWW6L55;
				INFOPLIST_FILE = chatTests/Info.plist;
				IPHONEOS_DEPLOYMENT_TARGET = 13.5;
				LD_RUNPATH_SEARCH_PATHS = (
					"$(inherited)",
					"@executable_path/Frameworks",
					"@loader_path/Frameworks",
				);
				PRODUCT_BUNDLE_IDENTIFIER = com.chatTests;
				PRODUCT_NAME = "$(TARGET_NAME)";
				SWIFT_VERSION = 5.0;
				TARGETED_DEVICE_FAMILY = "1,2";
				TEST_HOST = "$(BUILT_PRODUCTS_DIR)/chat.app/chat";
			};
			name = Release;
		};
/* End XCBuildConfiguration section */

/* Begin XCConfigurationList section */
		67D0B193261735B7004A0304 /* Build configuration list for PBXProject "chat" */ = {
			isa = XCConfigurationList;
			buildConfigurations = (
				67D0B1B5261735CE004A0304 /* Debug */,
				67D0B1B6261735CE004A0304 /* Release */,
			);
			defaultConfigurationIsVisible = 0;
			defaultConfigurationName = Release;
		};
		67D0B1B7261735CF004A0304 /* Build configuration list for PBXNativeTarget "chat" */ = {
			isa = XCConfigurationList;
			buildConfigurations = (
				67D0B1B8261735CF004A0304 /* Debug */,
				67D0B1B9261735CF004A0304 /* Release */,
			);
			defaultConfigurationIsVisible = 0;
			defaultConfigurationName = Release;
		};
		67D0B1BA261735CF004A0304 /* Build configuration list for PBXNativeTarget "chatTests" */ = {
			isa = XCConfigurationList;
			buildConfigurations = (
				67D0B1BB261735CF004A0304 /* Debug */,
				67D0B1BC261735CF004A0304 /* Release */,
			);
			defaultConfigurationIsVisible = 0;
			defaultConfigurationName = Release;
		};
/* End XCConfigurationList section */
	};
	rootObject = 67D0B190261735B7004A0304 /* Project object */;
}
