// !$*UTF8*$!
{
	archiveVersion = 1;
	classes = {
	};
	objectVersion = 51;
	objects = {

/* Begin PBXBuildFile section */
		263B23C1490603E9053FF9BE /* Pods_chatTests.framework in Frameworks */ = {isa = PBXBuildFile; fileRef = 730A6A09289C6079D692AA04 /* Pods_chatTests.framework */; };
		670F46DA261B0BF90014FAD1 /* ConversationsViewModel.swift in Sources */ = {isa = PBXBuildFile; fileRef = 670F46D9261B0BF90014FAD1 /* ConversationsViewModel.swift */; };
		670F46DC261B0E270014FAD1 /* SignupViewModel.swift in Sources */ = {isa = PBXBuildFile; fileRef = 670F46DB261B0E270014FAD1 /* SignupViewModel.swift */; };
		670F46DE261B0FAD0014FAD1 /* LoginViewModel.swift in Sources */ = {isa = PBXBuildFile; fileRef = 670F46DD261B0FAD0014FAD1 /* LoginViewModel.swift */; };
		670F46E0261B128B0014FAD1 /* ConversationCell.swift in Sources */ = {isa = PBXBuildFile; fileRef = 670F46DF261B128B0014FAD1 /* ConversationCell.swift */; };
		670F46E2261B12C30014FAD1 /* ConversationCellViewModel.swift in Sources */ = {isa = PBXBuildFile; fileRef = 670F46E1261B12C30014FAD1 /* ConversationCellViewModel.swift */; };
		670F46E4261B17200014FAD1 /* GoogleService-Info.plist in Resources */ = {isa = PBXBuildFile; fileRef = 670F46E3261B171F0014FAD1 /* GoogleService-Info.plist */; };
		670F46E6261B1A770014FAD1 /* Combine extensions.swift in Sources */ = {isa = PBXBuildFile; fileRef = 670F46E5261B1A770014FAD1 /* Combine extensions.swift */; };
		670F46E9261B27B80014FAD1 /* SettingsViewModel.swift in Sources */ = {isa = PBXBuildFile; fileRef = 670F46E8261B27B80014FAD1 /* SettingsViewModel.swift */; };
		670F46EB261B27F10014FAD1 /* SettingsController.swift in Sources */ = {isa = PBXBuildFile; fileRef = 670F46EA261B27F10014FAD1 /* SettingsController.swift */; };
		670F46ED261B29410014FAD1 /* SettingsCoordinator.swift in Sources */ = {isa = PBXBuildFile; fileRef = 670F46EC261B29410014FAD1 /* SettingsCoordinator.swift */; };
		670F46EF261B2BA60014FAD1 /* SettingCellViewModel.swift in Sources */ = {isa = PBXBuildFile; fileRef = 670F46EE261B2BA60014FAD1 /* SettingCellViewModel.swift */; };
		670F46F1261B2BB60014FAD1 /* SettingCell.swift in Sources */ = {isa = PBXBuildFile; fileRef = 670F46F0261B2BB60014FAD1 /* SettingCell.swift */; };
		670F46F4261B30400014FAD1 /* DatabaseManager.swift in Sources */ = {isa = PBXBuildFile; fileRef = 670F46F3261B30400014FAD1 /* DatabaseManager.swift */; };
		670F46F7261B37010014FAD1 /* AppUser.swift in Sources */ = {isa = PBXBuildFile; fileRef = 670F46F6261B37010014FAD1 /* AppUser.swift */; };
		6713A1B926204002001AEDBE /* ChatController.swift in Sources */ = {isa = PBXBuildFile; fileRef = 6713A1B826204002001AEDBE /* ChatController.swift */; };
		6713A1BB26204744001AEDBE /* ChatViewModel.swift in Sources */ = {isa = PBXBuildFile; fileRef = 6713A1BA26204744001AEDBE /* ChatViewModel.swift */; };
		6713A1BD262049EB001AEDBE /* ChatCoordinator.swift in Sources */ = {isa = PBXBuildFile; fileRef = 6713A1BC262049EB001AEDBE /* ChatCoordinator.swift */; };
		6713A1BF26206DC0001AEDBE /* Conversation.swift in Sources */ = {isa = PBXBuildFile; fileRef = 6713A1BE26206DC0001AEDBE /* Conversation.swift */; };
		6713A1C126206F60001AEDBE /* Message.swift in Sources */ = {isa = PBXBuildFile; fileRef = 6713A1C026206F60001AEDBE /* Message.swift */; };
		6735CB262631A26D00B09331 /* Notification extensions.swift in Sources */ = {isa = PBXBuildFile; fileRef = 6735CB252631A26C00B09331 /* Notification extensions.swift */; };
		6735CB282631A45700B09331 /* AVPlayerViewController extensions.swift in Sources */ = {isa = PBXBuildFile; fileRef = 6735CB272631A45700B09331 /* AVPlayerViewController extensions.swift */; };
		6760F5E3262993EC0047E33E /* Media.swift in Sources */ = {isa = PBXBuildFile; fileRef = 6760F5E2262993EC0047E33E /* Media.swift */; };
		67675FC526242F880031345B /* FirebaseObservePublisher.swift in Sources */ = {isa = PBXBuildFile; fileRef = 67675FC426242F880031345B /* FirebaseObservePublisher.swift */; };
		67A3AF32261DC411007A7714 /* StorageManager.swift in Sources */ = {isa = PBXBuildFile; fileRef = 67A3AF31261DC411007A7714 /* StorageManager.swift */; };
		67A3AF35261DDDD8007A7714 /* AuthPublisher.swift in Sources */ = {isa = PBXBuildFile; fileRef = 67A3AF34261DDDD8007A7714 /* AuthPublisher.swift */; };
		67A7078D2618BBC6007B5EBB /* SignupCoordinator.swift in Sources */ = {isa = PBXBuildFile; fileRef = 67A7078C2618BBC6007B5EBB /* SignupCoordinator.swift */; };
		67AD1AC7261C8F8E00F0152A /* ImagePickerCoordinator.swift in Sources */ = {isa = PBXBuildFile; fileRef = 67AD1AC6261C8F8D00F0152A /* ImagePickerCoordinator.swift */; };
		67D0A631262EDFEF00108BEC /* VideoPickerCoordinator.swift in Sources */ = {isa = PBXBuildFile; fileRef = 67D0A630262EDFEF00108BEC /* VideoPickerCoordinator.swift */; };
		67D0A633262EFD0600108BEC /* AVPlayerCoordinator.swift in Sources */ = {isa = PBXBuildFile; fileRef = 67D0A632262EFD0600108BEC /* AVPlayerCoordinator.swift */; };
		67D0B19C261735B7004A0304 /* AppDelegate.swift in Sources */ = {isa = PBXBuildFile; fileRef = 67D0B19B261735B7004A0304 /* AppDelegate.swift */; };
		67D0B19E261735B7004A0304 /* SceneDelegate.swift in Sources */ = {isa = PBXBuildFile; fileRef = 67D0B19D261735B7004A0304 /* SceneDelegate.swift */; };
		67D0B1A5261735CD004A0304 /* Assets.xcassets in Resources */ = {isa = PBXBuildFile; fileRef = 67D0B1A4261735CD004A0304 /* Assets.xcassets */; };
		67D0B1A8261735CD004A0304 /* LaunchScreen.storyboard in Resources */ = {isa = PBXBuildFile; fileRef = 67D0B1A6261735CD004A0304 /* LaunchScreen.storyboard */; };
		67D0B1B3261735CE004A0304 /* chatTests.swift in Sources */ = {isa = PBXBuildFile; fileRef = 67D0B1B2261735CE004A0304 /* chatTests.swift */; };
		67D0B1BE26173798004A0304 /* ConversationsController.swift in Sources */ = {isa = PBXBuildFile; fileRef = 67D0B1BD26173798004A0304 /* ConversationsController.swift */; };
		67D0B1C2261738CF004A0304 /* UIView extensions.swift in Sources */ = {isa = PBXBuildFile; fileRef = 67D0B1C1261738CF004A0304 /* UIView extensions.swift */; };
		67D0B1C826173A7F004A0304 /* Color.swift in Sources */ = {isa = PBXBuildFile; fileRef = 67D0B1C726173A7F004A0304 /* Color.swift */; };
		67D0B1CD26174122004A0304 /* LoginController.swift in Sources */ = {isa = PBXBuildFile; fileRef = 67D0B1CC26174121004A0304 /* LoginController.swift */; };
		67D0B1CF2617412C004A0304 /* LoginView.swift in Sources */ = {isa = PBXBuildFile; fileRef = 67D0B1CE2617412C004A0304 /* LoginView.swift */; };
		67D0B1D126174E00004A0304 /* SignupController.swift in Sources */ = {isa = PBXBuildFile; fileRef = 67D0B1D026174E00004A0304 /* SignupController.swift */; };
		67D0B1D326174E11004A0304 /* SignupView.swift in Sources */ = {isa = PBXBuildFile; fileRef = 67D0B1D226174E11004A0304 /* SignupView.swift */; };
		67D0B1D626175B72004A0304 /* AppCoordinator.swift in Sources */ = {isa = PBXBuildFile; fileRef = 67D0B1D526175B72004A0304 /* AppCoordinator.swift */; };
		67D0B1D826175BA2004A0304 /* Coordinator.swift in Sources */ = {isa = PBXBuildFile; fileRef = 67D0B1D726175BA2004A0304 /* Coordinator.swift */; };
		67D0B1DA26175D77004A0304 /* ConversationsCoordinator.swift in Sources */ = {isa = PBXBuildFile; fileRef = 67D0B1D926175D77004A0304 /* ConversationsCoordinator.swift */; };
		67D0B1DC261760F8004A0304 /* Image.swift in Sources */ = {isa = PBXBuildFile; fileRef = 67D0B1DB261760F8004A0304 /* Image.swift */; };
		67D0B1DE26176392004A0304 /* LoginCoordinator.swift in Sources */ = {isa = PBXBuildFile; fileRef = 67D0B1DD26176392004A0304 /* LoginCoordinator.swift */; };
		67D99594261F03090099DC3B /* NewMessageController.swift in Sources */ = {isa = PBXBuildFile; fileRef = 67D99593261F03090099DC3B /* NewMessageController.swift */; };
		67D99596261F06250099DC3B /* NewMessageViewModel.swift in Sources */ = {isa = PBXBuildFile; fileRef = 67D99595261F06240099DC3B /* NewMessageViewModel.swift */; };
		67D99598261F06660099DC3B /* NewMessageCellViewModel.swift in Sources */ = {isa = PBXBuildFile; fileRef = 67D99597261F06660099DC3B /* NewMessageCellViewModel.swift */; };
		67D9959A261F06740099DC3B /* NewMessageCell.swift in Sources */ = {isa = PBXBuildFile; fileRef = 67D99599261F06740099DC3B /* NewMessageCell.swift */; };
		67D9959C261F0AD10099DC3B /* NewMessageCoordinator.swift in Sources */ = {isa = PBXBuildFile; fileRef = 67D9959B261F0AD10099DC3B /* NewMessageCoordinator.swift */; };
		C9100FAD0AB2B868D03048B4 /* Pods_chat.framework in Frameworks */ = {isa = PBXBuildFile; fileRef = C72E449A29CAD85E02BB4101 /* Pods_chat.framework */; };
/* End PBXBuildFile section */

/* Begin PBXContainerItemProxy section */
		67D0B1AF261735CE004A0304 /* PBXContainerItemProxy */ = {
			isa = PBXContainerItemProxy;
			containerPortal = 67D0B190261735B7004A0304 /* Project object */;
			proxyType = 1;
			remoteGlobalIDString = 67D0B197261735B7004A0304;
			remoteInfo = chat;
		};
/* End PBXContainerItemProxy section */

/* Begin PBXFileReference section */
		02E709C65C84282613EEF5DC /* Pods-chatTests.release.xcconfig */ = {isa = PBXFileReference; includeInIndex = 1; lastKnownFileType = text.xcconfig; name = "Pods-chatTests.release.xcconfig"; path = "Target Support Files/Pods-chatTests/Pods-chatTests.release.xcconfig"; sourceTree = "<group>"; };
		18FACBBBE19BD003430904FC /* Pods-chat.release.xcconfig */ = {isa = PBXFileReference; includeInIndex = 1; lastKnownFileType = text.xcconfig; name = "Pods-chat.release.xcconfig"; path = "Target Support Files/Pods-chat/Pods-chat.release.xcconfig"; sourceTree = "<group>"; };
		3AED499938772892E9497E67 /* Pods-chat.debug.xcconfig */ = {isa = PBXFileReference; includeInIndex = 1; lastKnownFileType = text.xcconfig; name = "Pods-chat.debug.xcconfig"; path = "Target Support Files/Pods-chat/Pods-chat.debug.xcconfig"; sourceTree = "<group>"; };
		670F46D9261B0BF90014FAD1 /* ConversationsViewModel.swift */ = {isa = PBXFileReference; lastKnownFileType = sourcecode.swift; path = ConversationsViewModel.swift; sourceTree = "<group>"; };
		670F46DB261B0E270014FAD1 /* SignupViewModel.swift */ = {isa = PBXFileReference; lastKnownFileType = sourcecode.swift; path = SignupViewModel.swift; sourceTree = "<group>"; };
		670F46DD261B0FAD0014FAD1 /* LoginViewModel.swift */ = {isa = PBXFileReference; lastKnownFileType = sourcecode.swift; path = LoginViewModel.swift; sourceTree = "<group>"; };
		670F46DF261B128B0014FAD1 /* ConversationCell.swift */ = {isa = PBXFileReference; lastKnownFileType = sourcecode.swift; path = ConversationCell.swift; sourceTree = "<group>"; };
		670F46E1261B12C30014FAD1 /* ConversationCellViewModel.swift */ = {isa = PBXFileReference; lastKnownFileType = sourcecode.swift; path = ConversationCellViewModel.swift; sourceTree = "<group>"; };
		670F46E3261B171F0014FAD1 /* GoogleService-Info.plist */ = {isa = PBXFileReference; fileEncoding = 4; lastKnownFileType = text.plist.xml; path = "GoogleService-Info.plist"; sourceTree = "<group>"; };
		670F46E5261B1A770014FAD1 /* Combine extensions.swift */ = {isa = PBXFileReference; lastKnownFileType = sourcecode.swift; path = "Combine extensions.swift"; sourceTree = "<group>"; };
		670F46E8261B27B80014FAD1 /* SettingsViewModel.swift */ = {isa = PBXFileReference; lastKnownFileType = sourcecode.swift; path = SettingsViewModel.swift; sourceTree = "<group>"; };
		670F46EA261B27F10014FAD1 /* SettingsController.swift */ = {isa = PBXFileReference; lastKnownFileType = sourcecode.swift; path = SettingsController.swift; sourceTree = "<group>"; };
		670F46EC261B29410014FAD1 /* SettingsCoordinator.swift */ = {isa = PBXFileReference; lastKnownFileType = sourcecode.swift; path = SettingsCoordinator.swift; sourceTree = "<group>"; };
		670F46EE261B2BA60014FAD1 /* SettingCellViewModel.swift */ = {isa = PBXFileReference; lastKnownFileType = sourcecode.swift; path = SettingCellViewModel.swift; sourceTree = "<group>"; };
		670F46F0261B2BB60014FAD1 /* SettingCell.swift */ = {isa = PBXFileReference; lastKnownFileType = sourcecode.swift; path = SettingCell.swift; sourceTree = "<group>"; };
		670F46F3261B30400014FAD1 /* DatabaseManager.swift */ = {isa = PBXFileReference; lastKnownFileType = sourcecode.swift; path = DatabaseManager.swift; sourceTree = "<group>"; };
		670F46F6261B37010014FAD1 /* AppUser.swift */ = {isa = PBXFileReference; lastKnownFileType = sourcecode.swift; path = AppUser.swift; sourceTree = "<group>"; };
		6713A1B826204002001AEDBE /* ChatController.swift */ = {isa = PBXFileReference; lastKnownFileType = sourcecode.swift; path = ChatController.swift; sourceTree = "<group>"; };
		6713A1BA26204744001AEDBE /* ChatViewModel.swift */ = {isa = PBXFileReference; lastKnownFileType = sourcecode.swift; path = ChatViewModel.swift; sourceTree = "<group>"; };
		6713A1BC262049EB001AEDBE /* ChatCoordinator.swift */ = {isa = PBXFileReference; lastKnownFileType = sourcecode.swift; path = ChatCoordinator.swift; sourceTree = "<group>"; };
		6713A1BE26206DC0001AEDBE /* Conversation.swift */ = {isa = PBXFileReference; lastKnownFileType = sourcecode.swift; path = Conversation.swift; sourceTree = "<group>"; };
		6713A1C026206F60001AEDBE /* Message.swift */ = {isa = PBXFileReference; lastKnownFileType = sourcecode.swift; path = Message.swift; sourceTree = "<group>"; };
		6735CB252631A26C00B09331 /* Notification extensions.swift */ = {isa = PBXFileReference; lastKnownFileType = sourcecode.swift; path = "Notification extensions.swift"; sourceTree = "<group>"; };
		6735CB272631A45700B09331 /* AVPlayerViewController extensions.swift */ = {isa = PBXFileReference; lastKnownFileType = sourcecode.swift; path = "AVPlayerViewController extensions.swift"; sourceTree = "<group>"; };
		6760F5E2262993EC0047E33E /* Media.swift */ = {isa = PBXFileReference; lastKnownFileType = sourcecode.swift; path = Media.swift; sourceTree = "<group>"; };
		67675FC426242F880031345B /* FirebaseObservePublisher.swift */ = {isa = PBXFileReference; lastKnownFileType = sourcecode.swift; path = FirebaseObservePublisher.swift; sourceTree = "<group>"; };
		67A3AF31261DC411007A7714 /* StorageManager.swift */ = {isa = PBXFileReference; lastKnownFileType = sourcecode.swift; path = StorageManager.swift; sourceTree = "<group>"; };
		67A3AF34261DDDD8007A7714 /* AuthPublisher.swift */ = {isa = PBXFileReference; lastKnownFileType = sourcecode.swift; path = AuthPublisher.swift; sourceTree = "<group>"; };
		67A7078C2618BBC6007B5EBB /* SignupCoordinator.swift */ = {isa = PBXFileReference; lastKnownFileType = sourcecode.swift; path = SignupCoordinator.swift; sourceTree = "<group>"; };
		67AD1AC6261C8F8D00F0152A /* ImagePickerCoordinator.swift */ = {isa = PBXFileReference; lastKnownFileType = sourcecode.swift; path = ImagePickerCoordinator.swift; sourceTree = "<group>"; };
		67D0A630262EDFEF00108BEC /* VideoPickerCoordinator.swift */ = {isa = PBXFileReference; lastKnownFileType = sourcecode.swift; path = VideoPickerCoordinator.swift; sourceTree = "<group>"; };
		67D0A632262EFD0600108BEC /* AVPlayerCoordinator.swift */ = {isa = PBXFileReference; lastKnownFileType = sourcecode.swift; path = AVPlayerCoordinator.swift; sourceTree = "<group>"; };
		67D0B198261735B7004A0304 /* chat.app */ = {isa = PBXFileReference; explicitFileType = wrapper.application; includeInIndex = 0; path = chat.app; sourceTree = BUILT_PRODUCTS_DIR; };
		67D0B19B261735B7004A0304 /* AppDelegate.swift */ = {isa = PBXFileReference; lastKnownFileType = sourcecode.swift; path = AppDelegate.swift; sourceTree = "<group>"; };
		67D0B19D261735B7004A0304 /* SceneDelegate.swift */ = {isa = PBXFileReference; lastKnownFileType = sourcecode.swift; path = SceneDelegate.swift; sourceTree = "<group>"; };
		67D0B1A4261735CD004A0304 /* Assets.xcassets */ = {isa = PBXFileReference; lastKnownFileType = folder.assetcatalog; path = Assets.xcassets; sourceTree = "<group>"; };
		67D0B1A7261735CD004A0304 /* Base */ = {isa = PBXFileReference; lastKnownFileType = file.storyboard; name = Base; path = Base.lproj/LaunchScreen.storyboard; sourceTree = "<group>"; };
		67D0B1A9261735CD004A0304 /* Info.plist */ = {isa = PBXFileReference; lastKnownFileType = text.plist.xml; path = Info.plist; sourceTree = "<group>"; };
		67D0B1AE261735CE004A0304 /* chatTests.xctest */ = {isa = PBXFileReference; explicitFileType = wrapper.cfbundle; includeInIndex = 0; path = chatTests.xctest; sourceTree = BUILT_PRODUCTS_DIR; };
		67D0B1B2261735CE004A0304 /* chatTests.swift */ = {isa = PBXFileReference; lastKnownFileType = sourcecode.swift; path = chatTests.swift; sourceTree = "<group>"; };
		67D0B1B4261735CE004A0304 /* Info.plist */ = {isa = PBXFileReference; lastKnownFileType = text.plist.xml; path = Info.plist; sourceTree = "<group>"; };
		67D0B1BD26173798004A0304 /* ConversationsController.swift */ = {isa = PBXFileReference; lastKnownFileType = sourcecode.swift; path = ConversationsController.swift; sourceTree = "<group>"; };
		67D0B1C1261738CF004A0304 /* UIView extensions.swift */ = {isa = PBXFileReference; lastKnownFileType = sourcecode.swift; path = "UIView extensions.swift"; sourceTree = "<group>"; };
		67D0B1C726173A7F004A0304 /* Color.swift */ = {isa = PBXFileReference; lastKnownFileType = sourcecode.swift; path = Color.swift; sourceTree = "<group>"; };
		67D0B1CC26174121004A0304 /* LoginController.swift */ = {isa = PBXFileReference; lastKnownFileType = sourcecode.swift; path = LoginController.swift; sourceTree = "<group>"; };
		67D0B1CE2617412C004A0304 /* LoginView.swift */ = {isa = PBXFileReference; lastKnownFileType = sourcecode.swift; path = LoginView.swift; sourceTree = "<group>"; };
		67D0B1D026174E00004A0304 /* SignupController.swift */ = {isa = PBXFileReference; lastKnownFileType = sourcecode.swift; path = SignupController.swift; sourceTree = "<group>"; };
		67D0B1D226174E11004A0304 /* SignupView.swift */ = {isa = PBXFileReference; lastKnownFileType = sourcecode.swift; path = SignupView.swift; sourceTree = "<group>"; };
		67D0B1D526175B72004A0304 /* AppCoordinator.swift */ = {isa = PBXFileReference; lastKnownFileType = sourcecode.swift; path = AppCoordinator.swift; sourceTree = "<group>"; };
		67D0B1D726175BA2004A0304 /* Coordinator.swift */ = {isa = PBXFileReference; lastKnownFileType = sourcecode.swift; path = Coordinator.swift; sourceTree = "<group>"; };
		67D0B1D926175D77004A0304 /* ConversationsCoordinator.swift */ = {isa = PBXFileReference; lastKnownFileType = sourcecode.swift; path = ConversationsCoordinator.swift; sourceTree = "<group>"; };
		67D0B1DB261760F8004A0304 /* Image.swift */ = {isa = PBXFileReference; lastKnownFileType = sourcecode.swift; path = Image.swift; sourceTree = "<group>"; };
		67D0B1DD26176392004A0304 /* LoginCoordinator.swift */ = {isa = PBXFileReference; lastKnownFileType = sourcecode.swift; path = LoginCoordinator.swift; sourceTree = "<group>"; };
		67D99593261F03090099DC3B /* NewMessageController.swift */ = {isa = PBXFileReference; lastKnownFileType = sourcecode.swift; path = NewMessageController.swift; sourceTree = "<group>"; };
		67D99595261F06240099DC3B /* NewMessageViewModel.swift */ = {isa = PBXFileReference; lastKnownFileType = sourcecode.swift; path = NewMessageViewModel.swift; sourceTree = "<group>"; };
		67D99597261F06660099DC3B /* NewMessageCellViewModel.swift */ = {isa = PBXFileReference; lastKnownFileType = sourcecode.swift; path = NewMessageCellViewModel.swift; sourceTree = "<group>"; };
		67D99599261F06740099DC3B /* NewMessageCell.swift */ = {isa = PBXFileReference; lastKnownFileType = sourcecode.swift; path = NewMessageCell.swift; sourceTree = "<group>"; };
		67D9959B261F0AD10099DC3B /* NewMessageCoordinator.swift */ = {isa = PBXFileReference; lastKnownFileType = sourcecode.swift; path = NewMessageCoordinator.swift; sourceTree = "<group>"; };
		730A6A09289C6079D692AA04 /* Pods_chatTests.framework */ = {isa = PBXFileReference; explicitFileType = wrapper.framework; includeInIndex = 0; path = Pods_chatTests.framework; sourceTree = BUILT_PRODUCTS_DIR; };
		C72E449A29CAD85E02BB4101 /* Pods_chat.framework */ = {isa = PBXFileReference; explicitFileType = wrapper.framework; includeInIndex = 0; path = Pods_chat.framework; sourceTree = BUILT_PRODUCTS_DIR; };
		DD7352D5D98C9923AD3B18B3 /* Pods-chatTests.debug.xcconfig */ = {isa = PBXFileReference; includeInIndex = 1; lastKnownFileType = text.xcconfig; name = "Pods-chatTests.debug.xcconfig"; path = "Target Support Files/Pods-chatTests/Pods-chatTests.debug.xcconfig"; sourceTree = "<group>"; };
/* End PBXFileReference section */

/* Begin PBXFrameworksBuildPhase section */
		67D0B195261735B7004A0304 /* Frameworks */ = {
			isa = PBXFrameworksBuildPhase;
			buildActionMask = 2147483647;
			files = (
				C9100FAD0AB2B868D03048B4 /* Pods_chat.framework in Frameworks */,
			);
			runOnlyForDeploymentPostprocessing = 0;
		};
		67D0B1AB261735CE004A0304 /* Frameworks */ = {
			isa = PBXFrameworksBuildPhase;
			buildActionMask = 2147483647;
			files = (
				263B23C1490603E9053FF9BE /* Pods_chatTests.framework in Frameworks */,
			);
			runOnlyForDeploymentPostprocessing = 0;
		};
/* End PBXFrameworksBuildPhase section */

/* Begin PBXGroup section */
		1EA0B09946A50733557DF59B /* Frameworks */ = {
			isa = PBXGroup;
			children = (
				C72E449A29CAD85E02BB4101 /* Pods_chat.framework */,
				730A6A09289C6079D692AA04 /* Pods_chatTests.framework */,
			);
			name = Frameworks;
			sourceTree = "<group>";
		};
		670F46E7261B273E0014FAD1 /* Settings */ = {
			isa = PBXGroup;
			children = (
				670F46E8261B27B80014FAD1 /* SettingsViewModel.swift */,
				670F46EA261B27F10014FAD1 /* SettingsController.swift */,
				670F46EE261B2BA60014FAD1 /* SettingCellViewModel.swift */,
				670F46F0261B2BB60014FAD1 /* SettingCell.swift */,
			);
			path = Settings;
			sourceTree = "<group>";
		};
		670F46F2261B30280014FAD1 /* Managers */ = {
			isa = PBXGroup;
			children = (
				670F46F3261B30400014FAD1 /* DatabaseManager.swift */,
				67A3AF31261DC411007A7714 /* StorageManager.swift */,
			);
			path = Managers;
			sourceTree = "<group>";
		};
		670F46F5261B36EA0014FAD1 /* Models */ = {
			isa = PBXGroup;
			children = (
				670F46F6261B37010014FAD1 /* AppUser.swift */,
				6713A1BE26206DC0001AEDBE /* Conversation.swift */,
				6713A1C026206F60001AEDBE /* Message.swift */,
				6760F5E2262993EC0047E33E /* Media.swift */,
			);
			path = Models;
			sourceTree = "<group>";
		};
		6713A1B726203FE7001AEDBE /* Chat */ = {
			isa = PBXGroup;
			children = (
				6713A1B826204002001AEDBE /* ChatController.swift */,
				6713A1BA26204744001AEDBE /* ChatViewModel.swift */,
			);
			path = Chat;
			sourceTree = "<group>";
		};
		67A3AF33261DDD8B007A7714 /* Publishers */ = {
			isa = PBXGroup;
			children = (
				67A3AF34261DDDD8007A7714 /* AuthPublisher.swift */,
				67675FC426242F880031345B /* FirebaseObservePublisher.swift */,
			);
			path = Publishers;
			sourceTree = "<group>";
		};
		67D0B18F261735B7004A0304 = {
			isa = PBXGroup;
			children = (
				67D0B19A261735B7004A0304 /* chat */,
				67D0B1B1261735CE004A0304 /* chatTests */,
				67D0B199261735B7004A0304 /* Products */,
				8D2685260A6C0A33489A4F29 /* Pods */,
				1EA0B09946A50733557DF59B /* Frameworks */,
			);
			sourceTree = "<group>";
		};
		67D0B199261735B7004A0304 /* Products */ = {
			isa = PBXGroup;
			children = (
				67D0B198261735B7004A0304 /* chat.app */,
				67D0B1AE261735CE004A0304 /* chatTests.xctest */,
			);
			name = Products;
			sourceTree = "<group>";
		};
		67D0B19A261735B7004A0304 /* chat */ = {
			isa = PBXGroup;
			children = (
				67D0B19B261735B7004A0304 /* AppDelegate.swift */,
				67D0B19D261735B7004A0304 /* SceneDelegate.swift */,
				67D0B1A9261735CD004A0304 /* Info.plist */,
				670F46E3261B171F0014FAD1 /* GoogleService-Info.plist */,
				670F46F5261B36EA0014FAD1 /* Models */,
				67D0B1D426175B57004A0304 /* Coordinators */,
				670F46E7261B273E0014FAD1 /* Settings */,
				67D0B1C3261738F2004A0304 /* Conversations */,
				6713A1B726203FE7001AEDBE /* Chat */,
				67D99592261F02D60099DC3B /* NewMessage */,
				67D0B1C9261740B5004A0304 /* Login */,
				67A3AF33261DDD8B007A7714 /* Publishers */,
				67D0B1BF26173880004A0304 /* Resouces */,
			);
			path = chat;
			sourceTree = "<group>";
		};
		67D0B1B1261735CE004A0304 /* chatTests */ = {
			isa = PBXGroup;
			children = (
				67D0B1B2261735CE004A0304 /* chatTests.swift */,
				67D0B1B4261735CE004A0304 /* Info.plist */,
			);
			path = chatTests;
			sourceTree = "<group>";
		};
		67D0B1BF26173880004A0304 /* Resouces */ = {
			isa = PBXGroup;
			children = (
				67D0B1A4261735CD004A0304 /* Assets.xcassets */,
				67D0B1A6261735CD004A0304 /* LaunchScreen.storyboard */,
				670F46F2261B30280014FAD1 /* Managers */,
				67D0B1C0261738AD004A0304 /* Extensions */,
				67D0B1C626173A64004A0304 /* Data */,
			);
			path = Resouces;
			sourceTree = "<group>";
		};
		67D0B1C0261738AD004A0304 /* Extensions */ = {
			isa = PBXGroup;
			children = (
				67D0B1C1261738CF004A0304 /* UIView extensions.swift */,
				670F46E5261B1A770014FAD1 /* Combine extensions.swift */,
				6735CB252631A26C00B09331 /* Notification extensions.swift */,
				6735CB272631A45700B09331 /* AVPlayerViewController extensions.swift */,
			);
			path = Extensions;
			sourceTree = "<group>";
		};
		67D0B1C3261738F2004A0304 /* Conversations */ = {
			isa = PBXGroup;
			children = (
				670F46D9261B0BF90014FAD1 /* ConversationsViewModel.swift */,
				67D0B1BD26173798004A0304 /* ConversationsController.swift */,
				670F46E1261B12C30014FAD1 /* ConversationCellViewModel.swift */,
				670F46DF261B128B0014FAD1 /* ConversationCell.swift */,
			);
			path = Conversations;
			sourceTree = "<group>";
		};
		67D0B1C626173A64004A0304 /* Data */ = {
			isa = PBXGroup;
			children = (
				67D0B1C726173A7F004A0304 /* Color.swift */,
				67D0B1DB261760F8004A0304 /* Image.swift */,
			);
			path = Data;
			sourceTree = "<group>";
		};
		67D0B1C9261740B5004A0304 /* Login */ = {
			isa = PBXGroup;
			children = (
				67D0B1CB261740CD004A0304 /* Signup */,
				67D0B1CA261740C8004A0304 /* Login */,
			);
			path = Login;
			sourceTree = "<group>";
		};
		67D0B1CA261740C8004A0304 /* Login */ = {
			isa = PBXGroup;
			children = (
				670F46DD261B0FAD0014FAD1 /* LoginViewModel.swift */,
				67D0B1CC26174121004A0304 /* LoginController.swift */,
				67D0B1CE2617412C004A0304 /* LoginView.swift */,
			);
			path = Login;
			sourceTree = "<group>";
		};
		67D0B1CB261740CD004A0304 /* Signup */ = {
			isa = PBXGroup;
			children = (
				670F46DB261B0E270014FAD1 /* SignupViewModel.swift */,
				67D0B1D026174E00004A0304 /* SignupController.swift */,
				67D0B1D226174E11004A0304 /* SignupView.swift */,
			);
			path = Signup;
			sourceTree = "<group>";
		};
		67D0B1D426175B57004A0304 /* Coordinators */ = {
			isa = PBXGroup;
			children = (
				67D0B1D726175BA2004A0304 /* Coordinator.swift */,
				67D0B1D526175B72004A0304 /* AppCoordinator.swift */,
				670F46EC261B29410014FAD1 /* SettingsCoordinator.swift */,
				67D0B1D926175D77004A0304 /* ConversationsCoordinator.swift */,
				6713A1BC262049EB001AEDBE /* ChatCoordinator.swift */,
				67D9959B261F0AD10099DC3B /* NewMessageCoordinator.swift */,
				67D0B1DD26176392004A0304 /* LoginCoordinator.swift */,
				67A7078C2618BBC6007B5EBB /* SignupCoordinator.swift */,
				67AD1AC6261C8F8D00F0152A /* ImagePickerCoordinator.swift */,
				67D0A630262EDFEF00108BEC /* VideoPickerCoordinator.swift */,
				67D0A632262EFD0600108BEC /* AVPlayerCoordinator.swift */,
			);
			path = Coordinators;
			sourceTree = "<group>";
		};
		67D99592261F02D60099DC3B /* NewMessage */ = {
			isa = PBXGroup;
			children = (
				67D99593261F03090099DC3B /* NewMessageController.swift */,
				67D99595261F06240099DC3B /* NewMessageViewModel.swift */,
				67D99597261F06660099DC3B /* NewMessageCellViewModel.swift */,
				67D99599261F06740099DC3B /* NewMessageCell.swift */,
			);
			path = NewMessage;
			sourceTree = "<group>";
		};
		8D2685260A6C0A33489A4F29 /* Pods */ = {
			isa = PBXGroup;
			children = (
				3AED499938772892E9497E67 /* Pods-chat.debug.xcconfig */,
				18FACBBBE19BD003430904FC /* Pods-chat.release.xcconfig */,
				DD7352D5D98C9923AD3B18B3 /* Pods-chatTests.debug.xcconfig */,
				02E709C65C84282613EEF5DC /* Pods-chatTests.release.xcconfig */,
			);
			path = Pods;
			sourceTree = "<group>";
		};
/* End PBXGroup section */

/* Begin PBXNativeTarget section */
		67D0B197261735B7004A0304 /* chat */ = {
			isa = PBXNativeTarget;
			buildConfigurationList = 67D0B1B7261735CF004A0304 /* Build configuration list for PBXNativeTarget "chat" */;
			buildPhases = (
				7A533F28F2B9F4752308DEF9 /* [CP] Check Pods Manifest.lock */,
				67D0B194261735B7004A0304 /* Sources */,
				67D0B195261735B7004A0304 /* Frameworks */,
				67D0B196261735B7004A0304 /* Resources */,
				0A3B5E5B5DE6A4AF350F94E1 /* [CP] Embed Pods Frameworks */,
				341FF835FB0EA8E90EBFC949 /* [CP] Copy Pods Resources */,
			);
			buildRules = (
			);
			dependencies = (
			);
			name = chat;
			productName = chat;
			productReference = 67D0B198261735B7004A0304 /* chat.app */;
			productType = "com.apple.product-type.application";
		};
		67D0B1AD261735CE004A0304 /* chatTests */ = {
			isa = PBXNativeTarget;
			buildConfigurationList = 67D0B1BA261735CF004A0304 /* Build configuration list for PBXNativeTarget "chatTests" */;
			buildPhases = (
				F38445217D53AEBA209B875A /* [CP] Check Pods Manifest.lock */,
				67D0B1AA261735CE004A0304 /* Sources */,
				67D0B1AB261735CE004A0304 /* Frameworks */,
				67D0B1AC261735CE004A0304 /* Resources */,
			);
			buildRules = (
			);
			dependencies = (
				67D0B1B0261735CE004A0304 /* PBXTargetDependency */,
			);
			name = chatTests;
			productName = chatTests;
			productReference = 67D0B1AE261735CE004A0304 /* chatTests.xctest */;
			productType = "com.apple.product-type.bundle.unit-test";
		};
/* End PBXNativeTarget section */

/* Begin PBXProject section */
		67D0B190261735B7004A0304 /* Project object */ = {
			isa = PBXProject;
			attributes = {
				LastSwiftUpdateCheck = 1150;
				LastUpgradeCheck = 1150;
				ORGANIZATIONNAME = vlsuv;
				TargetAttributes = {
					67D0B197261735B7004A0304 = {
						CreatedOnToolsVersion = 11.5;
					};
					67D0B1AD261735CE004A0304 = {
						CreatedOnToolsVersion = 11.5;
						TestTargetID = 67D0B197261735B7004A0304;
					};
				};
			};
			buildConfigurationList = 67D0B193261735B7004A0304 /* Build configuration list for PBXProject "chat" */;
			compatibilityVersion = "Xcode 9.3";
			developmentRegion = en;
			hasScannedForEncodings = 0;
			knownRegions = (
				en,
				Base,
			);
			mainGroup = 67D0B18F261735B7004A0304;
			productRefGroup = 67D0B199261735B7004A0304 /* Products */;
			projectDirPath = "";
			projectRoot = "";
			targets = (
				67D0B197261735B7004A0304 /* chat */,
				67D0B1AD261735CE004A0304 /* chatTests */,
			);
		};
/* End PBXProject section */

/* Begin PBXResourcesBuildPhase section */
		67D0B196261735B7004A0304 /* Resources */ = {
			isa = PBXResourcesBuildPhase;
			buildActionMask = 2147483647;
			files = (
				67D0B1A8261735CD004A0304 /* LaunchScreen.storyboard in Resources */,
				67D0B1A5261735CD004A0304 /* Assets.xcassets in Resources */,
				670F46E4261B17200014FAD1 /* GoogleService-Info.plist in Resources */,
			);
			runOnlyForDeploymentPostprocessing = 0;
		};
		67D0B1AC261735CE004A0304 /* Resources */ = {
			isa = PBXResourcesBuildPhase;
			buildActionMask = 2147483647;
			files = (
			);
			runOnlyForDeploymentPostprocessing = 0;
		};
/* End PBXResourcesBuildPhase section */

/* Begin PBXShellScriptBuildPhase section */
		0A3B5E5B5DE6A4AF350F94E1 /* [CP] Embed Pods Frameworks */ = {
			isa = PBXShellScriptBuildPhase;
			buildActionMask = 2147483647;
			files = (
			);
			inputFileListPaths = (
				"${PODS_ROOT}/Target Support Files/Pods-chat/Pods-chat-frameworks-${CONFIGURATION}-input-files.xcfilelist",
			);
			name = "[CP] Embed Pods Frameworks";
			outputFileListPaths = (
				"${PODS_ROOT}/Target Support Files/Pods-chat/Pods-chat-frameworks-${CONFIGURATION}-output-files.xcfilelist",
			);
			runOnlyForDeploymentPostprocessing = 0;
			shellPath = /bin/sh;
			shellScript = "\"${PODS_ROOT}/Target Support Files/Pods-chat/Pods-chat-frameworks.sh\"\n";
			showEnvVarsInLog = 0;
		};
		341FF835FB0EA8E90EBFC949 /* [CP] Copy Pods Resources */ = {
			isa = PBXShellScriptBuildPhase;
			buildActionMask = 2147483647;
			files = (
			);
			inputFileListPaths = (
				"${PODS_ROOT}/Target Support Files/Pods-chat/Pods-chat-resources-${CONFIGURATION}-input-files.xcfilelist",
			);
			name = "[CP] Copy Pods Resources";
			outputFileListPaths = (
				"${PODS_ROOT}/Target Support Files/Pods-chat/Pods-chat-resources-${CONFIGURATION}-output-files.xcfilelist",
			);
			runOnlyForDeploymentPostprocessing = 0;
			shellPath = /bin/sh;
			shellScript = "\"${PODS_ROOT}/Target Support Files/Pods-chat/Pods-chat-resources.sh\"\n";
			showEnvVarsInLog = 0;
		};
		7A533F28F2B9F4752308DEF9 /* [CP] Check Pods Manifest.lock */ = {
			isa = PBXShellScriptBuildPhase;
			buildActionMask = 2147483647;
			files = (
			);
			inputFileListPaths = (
			);
			inputPaths = (
				"${PODS_PODFILE_DIR_PATH}/Podfile.lock",
				"${PODS_ROOT}/Manifest.lock",
			);
			name = "[CP] Check Pods Manifest.lock";
			outputFileListPaths = (
			);
			outputPaths = (
				"$(DERIVED_FILE_DIR)/Pods-chat-checkManifestLockResult.txt",
			);
			runOnlyForDeploymentPostprocessing = 0;
			shellPath = /bin/sh;
			shellScript = "diff \"${PODS_PODFILE_DIR_PATH}/Podfile.lock\" \"${PODS_ROOT}/Manifest.lock\" > /dev/null\nif [ $? != 0 ] ; then\n    # print error to STDERR\n    echo \"error: The sandbox is not in sync with the Podfile.lock. Run 'pod install' or update your CocoaPods installation.\" >&2\n    exit 1\nfi\n# This output is used by Xcode 'outputs' to avoid re-running this script phase.\necho \"SUCCESS\" > \"${SCRIPT_OUTPUT_FILE_0}\"\n";
			showEnvVarsInLog = 0;
		};
		F38445217D53AEBA209B875A /* [CP] Check Pods Manifest.lock */ = {
			isa = PBXShellScriptBuildPhase;
			buildActionMask = 2147483647;
			files = (
			);
			inputFileListPaths = (
			);
			inputPaths = (
				"${PODS_PODFILE_DIR_PATH}/Podfile.lock",
				"${PODS_ROOT}/Manifest.lock",
			);
			name = "[CP] Check Pods Manifest.lock";
			outputFileListPaths = (
			);
			outputPaths = (
				"$(DERIVED_FILE_DIR)/Pods-chatTests-checkManifestLockResult.txt",
			);
			runOnlyForDeploymentPostprocessing = 0;
			shellPath = /bin/sh;
			shellScript = "diff \"${PODS_PODFILE_DIR_PATH}/Podfile.lock\" \"${PODS_ROOT}/Manifest.lock\" > /dev/null\nif [ $? != 0 ] ; then\n    # print error to STDERR\n    echo \"error: The sandbox is not in sync with the Podfile.lock. Run 'pod install' or update your CocoaPods installation.\" >&2\n    exit 1\nfi\n# This output is used by Xcode 'outputs' to avoid re-running this script phase.\necho \"SUCCESS\" > \"${SCRIPT_OUTPUT_FILE_0}\"\n";
			showEnvVarsInLog = 0;
		};
/* End PBXShellScriptBuildPhase section */

/* Begin PBXSourcesBuildPhase section */
		67D0B194261735B7004A0304 /* Sources */ = {
			isa = PBXSourcesBuildPhase;
			buildActionMask = 2147483647;
			files = (
				670F46DC261B0E270014FAD1 /* SignupViewModel.swift in Sources */,
				6713A1B926204002001AEDBE /* ChatController.swift in Sources */,
				670F46ED261B29410014FAD1 /* SettingsCoordinator.swift in Sources */,
				67D0B1D326174E11004A0304 /* SignupView.swift in Sources */,
				670F46DA261B0BF90014FAD1 /* ConversationsViewModel.swift in Sources */,
				67D0B19C261735B7004A0304 /* AppDelegate.swift in Sources */,
				6760F5E3262993EC0047E33E /* Media.swift in Sources */,
				67D0A633262EFD0600108BEC /* AVPlayerCoordinator.swift in Sources */,
				67D0B1DE26176392004A0304 /* LoginCoordinator.swift in Sources */,
				670F46E2261B12C30014FAD1 /* ConversationCellViewModel.swift in Sources */,
				6713A1BF26206DC0001AEDBE /* Conversation.swift in Sources */,
				67D0B1D626175B72004A0304 /* AppCoordinator.swift in Sources */,
				67D99594261F03090099DC3B /* NewMessageController.swift in Sources */,
				67D9959C261F0AD10099DC3B /* NewMessageCoordinator.swift in Sources */,
				670F46E6261B1A770014FAD1 /* Combine extensions.swift in Sources */,
				67AD1AC7261C8F8E00F0152A /* ImagePickerCoordinator.swift in Sources */,
				67A3AF35261DDDD8007A7714 /* AuthPublisher.swift in Sources */,
				67D0B1BE26173798004A0304 /* ConversationsController.swift in Sources */,
				6735CB282631A45700B09331 /* AVPlayerViewController extensions.swift in Sources */,
				67D0B19E261735B7004A0304 /* SceneDelegate.swift in Sources */,
				670F46DE261B0FAD0014FAD1 /* LoginViewModel.swift in Sources */,
				67D99598261F06660099DC3B /* NewMessageCellViewModel.swift in Sources */,
				6713A1C126206F60001AEDBE /* Message.swift in Sources */,
				67D99596261F06250099DC3B /* NewMessageViewModel.swift in Sources */,
				67D0B1D126174E00004A0304 /* SignupController.swift in Sources */,
				67675FC526242F880031345B /* FirebaseObservePublisher.swift in Sources */,
				67A7078D2618BBC6007B5EBB /* SignupCoordinator.swift in Sources */,
				670F46E0261B128B0014FAD1 /* ConversationCell.swift in Sources */,
				67D0B1DC261760F8004A0304 /* Image.swift in Sources */,
				67D0B1D826175BA2004A0304 /* Coordinator.swift in Sources */,
				67D0B1C2261738CF004A0304 /* UIView extensions.swift in Sources */,
				67D0B1C826173A7F004A0304 /* Color.swift in Sources */,
				67D0B1CF2617412C004A0304 /* LoginView.swift in Sources */,
				670F46F7261B37010014FAD1 /* AppUser.swift in Sources */,
				67D0A631262EDFEF00108BEC /* VideoPickerCoordinator.swift in Sources */,
				670F46F1261B2BB60014FAD1 /* SettingCell.swift in Sources */,
				670F46E9261B27B80014FAD1 /* SettingsViewModel.swift in Sources */,
				6713A1BB26204744001AEDBE /* ChatViewModel.swift in Sources */,
				6735CB262631A26D00B09331 /* Notification extensions.swift in Sources */,
				670F46EB261B27F10014FAD1 /* SettingsController.swift in Sources */,
				67D0B1CD26174122004A0304 /* LoginController.swift in Sources */,
				67D0B1DA26175D77004A0304 /* ConversationsCoordinator.swift in Sources */,
				67A3AF32261DC411007A7714 /* StorageManager.swift in Sources */,
				67D9959A261F06740099DC3B /* NewMessageCell.swift in Sources */,
				670F46EF261B2BA60014FAD1 /* SettingCellViewModel.swift in Sources */,
				670F46F4261B30400014FAD1 /* DatabaseManager.swift in Sources */,
				6713A1BD262049EB001AEDBE /* ChatCoordinator.swift in Sources */,
			);
			runOnlyForDeploymentPostprocessing = 0;
		};
		67D0B1AA261735CE004A0304 /* Sources */ = {
			isa = PBXSourcesBuildPhase;
			buildActionMask = 2147483647;
			files = (
				67D0B1B3261735CE004A0304 /* chatTests.swift in Sources */,
			);
			runOnlyForDeploymentPostprocessing = 0;
		};
/* End PBXSourcesBuildPhase section */

/* Begin PBXTargetDependency section */
		67D0B1B0261735CE004A0304 /* PBXTargetDependency */ = {
			isa = PBXTargetDependency;
			target = 67D0B197261735B7004A0304 /* chat */;
			targetProxy = 67D0B1AF261735CE004A0304 /* PBXContainerItemProxy */;
		};
/* End PBXTargetDependency section */

/* Begin PBXVariantGroup section */
		67D0B1A6261735CD004A0304 /* LaunchScreen.storyboard */ = {
			isa = PBXVariantGroup;
			children = (
				67D0B1A7261735CD004A0304 /* Base */,
			);
			name = LaunchScreen.storyboard;
			sourceTree = "<group>";
		};
/* End PBXVariantGroup section */

/* Begin XCBuildConfiguration section */
		67D0B1B5261735CE004A0304 /* Debug */ = {
			isa = XCBuildConfiguration;
			buildSettings = {
				ALWAYS_SEARCH_USER_PATHS = NO;
				CLANG_ANALYZER_NONNULL = YES;
				CLANG_ANALYZER_NUMBER_OBJECT_CONVERSION = YES_AGGRESSIVE;
				CLANG_CXX_LANGUAGE_STANDARD = "gnu++14";
				CLANG_CXX_LIBRARY = "libc++";
				CLANG_ENABLE_MODULES = YES;
				CLANG_ENABLE_OBJC_ARC = YES;
				CLANG_ENABLE_OBJC_WEAK = YES;
				CLANG_WARN_BLOCK_CAPTURE_AUTORELEASING = YES;
				CLANG_WARN_BOOL_CONVERSION = YES;
				CLANG_WARN_COMMA = YES;
				CLANG_WARN_CONSTANT_CONVERSION = YES;
				CLANG_WARN_DEPRECATED_OBJC_IMPLEMENTATIONS = YES;
				CLANG_WARN_DIRECT_OBJC_ISA_USAGE = YES_ERROR;
				CLANG_WARN_DOCUMENTATION_COMMENTS = YES;
				CLANG_WARN_EMPTY_BODY = YES;
				CLANG_WARN_ENUM_CONVERSION = YES;
				CLANG_WARN_INFINITE_RECURSION = YES;
				CLANG_WARN_INT_CONVERSION = YES;
				CLANG_WARN_NON_LITERAL_NULL_CONVERSION = YES;
				CLANG_WARN_OBJC_IMPLICIT_RETAIN_SELF = YES;
				CLANG_WARN_OBJC_LITERAL_CONVERSION = YES;
				CLANG_WARN_OBJC_ROOT_CLASS = YES_ERROR;
				CLANG_WARN_RANGE_LOOP_ANALYSIS = YES;
				CLANG_WARN_STRICT_PROTOTYPES = YES;
				CLANG_WARN_SUSPICIOUS_MOVE = YES;
				CLANG_WARN_UNGUARDED_AVAILABILITY = YES_AGGRESSIVE;
				CLANG_WARN_UNREACHABLE_CODE = YES;
				CLANG_WARN__DUPLICATE_METHOD_MATCH = YES;
				COPY_PHASE_STRIP = NO;
				DEBUG_INFORMATION_FORMAT = dwarf;
				ENABLE_STRICT_OBJC_MSGSEND = YES;
				ENABLE_TESTABILITY = YES;
				GCC_C_LANGUAGE_STANDARD = gnu11;
				GCC_DYNAMIC_NO_PIC = NO;
				GCC_NO_COMMON_BLOCKS = YES;
				GCC_OPTIMIZATION_LEVEL = 0;
				GCC_PREPROCESSOR_DEFINITIONS = (
					"DEBUG=1",
					"$(inherited)",
				);
				GCC_WARN_64_TO_32_BIT_CONVERSION = YES;
				GCC_WARN_ABOUT_RETURN_TYPE = YES_ERROR;
				GCC_WARN_UNDECLARED_SELECTOR = YES;
				GCC_WARN_UNINITIALIZED_AUTOS = YES_AGGRESSIVE;
				GCC_WARN_UNUSED_FUNCTION = YES;
				GCC_WARN_UNUSED_VARIABLE = YES;
				IPHONEOS_DEPLOYMENT_TARGET = 13.5;
				MTL_ENABLE_DEBUG_INFO = INCLUDE_SOURCE;
				MTL_FAST_MATH = YES;
				ONLY_ACTIVE_ARCH = YES;
				SDKROOT = iphoneos;
				SWIFT_ACTIVE_COMPILATION_CONDITIONS = DEBUG;
				SWIFT_OPTIMIZATION_LEVEL = "-Onone";
			};
			name = Debug;
		};
		67D0B1B6261735CE004A0304 /* Release */ = {
			isa = XCBuildConfiguration;
			buildSettings = {
				ALWAYS_SEARCH_USER_PATHS = NO;
				CLANG_ANALYZER_NONNULL = YES;
				CLANG_ANALYZER_NUMBER_OBJECT_CONVERSION = YES_AGGRESSIVE;
				CLANG_CXX_LANGUAGE_STANDARD = "gnu++14";
				CLANG_CXX_LIBRARY = "libc++";
				CLANG_ENABLE_MODULES = YES;
				CLANG_ENABLE_OBJC_ARC = YES;
				CLANG_ENABLE_OBJC_WEAK = YES;
				CLANG_WARN_BLOCK_CAPTURE_AUTORELEASING = YES;
				CLANG_WARN_BOOL_CONVERSION = YES;
				CLANG_WARN_COMMA = YES;
				CLANG_WARN_CONSTANT_CONVERSION = YES;
				CLANG_WARN_DEPRECATED_OBJC_IMPLEMENTATIONS = YES;
				CLANG_WARN_DIRECT_OBJC_ISA_USAGE = YES_ERROR;
				CLANG_WARN_DOCUMENTATION_COMMENTS = YES;
				CLANG_WARN_EMPTY_BODY = YES;
				CLANG_WARN_ENUM_CONVERSION = YES;
				CLANG_WARN_INFINITE_RECURSION = YES;
				CLANG_WARN_INT_CONVERSION = YES;
				CLANG_WARN_NON_LITERAL_NULL_CONVERSION = YES;
				CLANG_WARN_OBJC_IMPLICIT_RETAIN_SELF = YES;
				CLANG_WARN_OBJC_LITERAL_CONVERSION = YES;
				CLANG_WARN_OBJC_ROOT_CLASS = YES_ERROR;
				CLANG_WARN_RANGE_LOOP_ANALYSIS = YES;
				CLANG_WARN_STRICT_PROTOTYPES = YES;
				CLANG_WARN_SUSPICIOUS_MOVE = YES;
				CLANG_WARN_UNGUARDED_AVAILABILITY = YES_AGGRESSIVE;
				CLANG_WARN_UNREACHABLE_CODE = YES;
				CLANG_WARN__DUPLICATE_METHOD_MATCH = YES;
				COPY_PHASE_STRIP = NO;
				DEBUG_INFORMATION_FORMAT = "dwarf-with-dsym";
				ENABLE_NS_ASSERTIONS = NO;
				ENABLE_STRICT_OBJC_MSGSEND = YES;
				GCC_C_LANGUAGE_STANDARD = gnu11;
				GCC_NO_COMMON_BLOCKS = YES;
				GCC_WARN_64_TO_32_BIT_CONVERSION = YES;
				GCC_WARN_ABOUT_RETURN_TYPE = YES_ERROR;
				GCC_WARN_UNDECLARED_SELECTOR = YES;
				GCC_WARN_UNINITIALIZED_AUTOS = YES_AGGRESSIVE;
				GCC_WARN_UNUSED_FUNCTION = YES;
				GCC_WARN_UNUSED_VARIABLE = YES;
				IPHONEOS_DEPLOYMENT_TARGET = 13.5;
				MTL_ENABLE_DEBUG_INFO = NO;
				MTL_FAST_MATH = YES;
				SDKROOT = iphoneos;
				SWIFT_COMPILATION_MODE = wholemodule;
				SWIFT_OPTIMIZATION_LEVEL = "-O";
				VALIDATE_PRODUCT = YES;
			};
			name = Release;
		};
		67D0B1B8261735CF004A0304 /* Debug */ = {
			isa = XCBuildConfiguration;
			baseConfigurationReference = 3AED499938772892E9497E67 /* Pods-chat.debug.xcconfig */;
			buildSettings = {
				ASSETCATALOG_COMPILER_APPICON_NAME = AppIcon;
				CODE_SIGN_STYLE = Automatic;
				DEVELOPMENT_TEAM = MWFAWW6L55;
				INFOPLIST_FILE = chat/Info.plist;
				LD_RUNPATH_SEARCH_PATHS = (
					"$(inherited)",
					"@executable_path/Frameworks",
				);
				PRODUCT_BUNDLE_IDENTIFIER = com.chat;
				PRODUCT_NAME = "$(TARGET_NAME)";
				SWIFT_VERSION = 5.0;
				TARGETED_DEVICE_FAMILY = 1;
			};
			name = Debug;
		};
		67D0B1B9261735CF004A0304 /* Release */ = {
			isa = XCBuildConfiguration;
			baseConfigurationReference = 18FACBBBE19BD003430904FC /* Pods-chat.release.xcconfig */;
			buildSettings = {
				ASSETCATALOG_COMPILER_APPICON_NAME = AppIcon;
				CODE_SIGN_STYLE = Automatic;
				DEVELOPMENT_TEAM = MWFAWW6L55;
				INFOPLIST_FILE = chat/Info.plist;
				LD_RUNPATH_SEARCH_PATHS = (
					"$(inherited)",
					"@executable_path/Frameworks",
				);
				PRODUCT_BUNDLE_IDENTIFIER = com.chat;
				PRODUCT_NAME = "$(TARGET_NAME)";
				SWIFT_VERSION = 5.0;
				TARGETED_DEVICE_FAMILY = 1;
			};
			name = Release;
		};
		67D0B1BB261735CF004A0304 /* Debug */ = {
			isa = XCBuildConfiguration;
			baseConfigurationReference = DD7352D5D98C9923AD3B18B3 /* Pods-chatTests.debug.xcconfig */;
			buildSettings = {
				ALWAYS_EMBED_SWIFT_STANDARD_LIBRARIES = YES;
				BUNDLE_LOADER = "$(TEST_HOST)";
				CODE_SIGN_STYLE = Automatic;
				DEVELOPMENT_TEAM = MWFAWW6L55;
				INFOPLIST_FILE = chatTests/Info.plist;
				IPHONEOS_DEPLOYMENT_TARGET = 13.5;
				LD_RUNPATH_SEARCH_PATHS = (
					"$(inherited)",
					"@executable_path/Frameworks",
					"@loader_path/Frameworks",
				);
				PRODUCT_BUNDLE_IDENTIFIER = com.chatTests;
				PRODUCT_NAME = "$(TARGET_NAME)";
				SWIFT_VERSION = 5.0;
				TARGETED_DEVICE_FAMILY = "1,2";
				TEST_HOST = "$(BUILT_PRODUCTS_DIR)/chat.app/chat";
			};
			name = Debug;
		};
		67D0B1BC261735CF004A0304 /* Release */ = {
			isa = XCBuildConfiguration;
			baseConfigurationReference = 02E709C65C84282613EEF5DC /* Pods-chatTests.release.xcconfig */;
			buildSettings = {
				ALWAYS_EMBED_SWIFT_STANDARD_LIBRARIES = YES;
				BUNDLE_LOADER = "$(TEST_HOST)";
				CODE_SIGN_STYLE = Automatic;
				DEVELOPMENT_TEAM = MWFAWW6L55;
				INFOPLIST_FILE = chatTests/Info.plist;
				IPHONEOS_DEPLOYMENT_TARGET = 13.5;
				LD_RUNPATH_SEARCH_PATHS = (
					"$(inherited)",
					"@executable_path/Frameworks",
					"@loader_path/Frameworks",
				);
				PRODUCT_BUNDLE_IDENTIFIER = com.chatTests;
				PRODUCT_NAME = "$(TARGET_NAME)";
				SWIFT_VERSION = 5.0;
				TARGETED_DEVICE_FAMILY = "1,2";
				TEST_HOST = "$(BUILT_PRODUCTS_DIR)/chat.app/chat";
			};
			name = Release;
		};
/* End XCBuildConfiguration section */

/* Begin XCConfigurationList section */
		67D0B193261735B7004A0304 /* Build configuration list for PBXProject "chat" */ = {
			isa = XCConfigurationList;
			buildConfigurations = (
				67D0B1B5261735CE004A0304 /* Debug */,
				67D0B1B6261735CE004A0304 /* Release */,
			);
			defaultConfigurationIsVisible = 0;
			defaultConfigurationName = Release;
		};
		67D0B1B7261735CF004A0304 /* Build configuration list for PBXNativeTarget "chat" */ = {
			isa = XCConfigurationList;
			buildConfigurations = (
				67D0B1B8261735CF004A0304 /* Debug */,
				67D0B1B9261735CF004A0304 /* Release */,
			);
			defaultConfigurationIsVisible = 0;
			defaultConfigurationName = Release;
		};
		67D0B1BA261735CF004A0304 /* Build configuration list for PBXNativeTarget "chatTests" */ = {
			isa = XCConfigurationList;
			buildConfigurations = (
				67D0B1BB261735CF004A0304 /* Debug */,
				67D0B1BC261735CF004A0304 /* Release */,
			);
			defaultConfigurationIsVisible = 0;
			defaultConfigurationName = Release;
		};
/* End XCConfigurationList section */
	};
	rootObject = 67D0B190261735B7004A0304 /* Project object */;
}
